// !$*UTF8*$!
{
	archiveVersion = 1;
	classes = {
	};
	objectVersion = 46;
	objects = {

/* Begin PBXBuildFile section */
		0B1D62A21D26653700E85763 /* AppDelegate.swift in Sources */ = {isa = PBXBuildFile; fileRef = 0B1D62A11D26653700E85763 /* AppDelegate.swift */; };
		0B1D62A91D26653700E85763 /* Assets.xcassets in Resources */ = {isa = PBXBuildFile; fileRef = 0B1D62A81D26653700E85763 /* Assets.xcassets */; };
		0B1D62EE1D26699800E85763 /* WBMainTabBarController.swift in Sources */ = {isa = PBXBuildFile; fileRef = 0B1D62ED1D26699800E85763 /* WBMainTabBarController.swift */; };
		0B1D62F01D2669B700E85763 /* WBMainNavViewController.swift in Sources */ = {isa = PBXBuildFile; fileRef = 0B1D62EF1D2669B700E85763 /* WBMainNavViewController.swift */; };
		0B1D62F21D266A2E00E85763 /* WBBaseViewController.swift in Sources */ = {isa = PBXBuildFile; fileRef = 0B1D62F11D266A2E00E85763 /* WBBaseViewController.swift */; };
		0B1D62F41D266A4E00E85763 /* WBHomeViewController.swift in Sources */ = {isa = PBXBuildFile; fileRef = 0B1D62F31D266A4E00E85763 /* WBHomeViewController.swift */; };
		0B1D62F61D266A5900E85763 /* WBMessageViewController.swift in Sources */ = {isa = PBXBuildFile; fileRef = 0B1D62F51D266A5900E85763 /* WBMessageViewController.swift */; };
		0B1D62F81D266A6200E85763 /* WBDiscoverViewController.swift in Sources */ = {isa = PBXBuildFile; fileRef = 0B1D62F71D266A6200E85763 /* WBDiscoverViewController.swift */; };
		0B1D62FA1D266A7600E85763 /* WBProflieViewController.swift in Sources */ = {isa = PBXBuildFile; fileRef = 0B1D62F91D266A7600E85763 /* WBProflieViewController.swift */; };
		0B1D631F1D26705E00E85763 /* NSArray+Log.m in Sources */ = {isa = PBXBuildFile; fileRef = 0B1D63051D26705E00E85763 /* NSArray+Log.m */; };
		0B1D63201D26705E00E85763 /* NSAttributedString+CZAdditon.m in Sources */ = {isa = PBXBuildFile; fileRef = 0B1D63071D26705E00E85763 /* NSAttributedString+CZAdditon.m */; };
		0B1D63211D26705E00E85763 /* NSObject+CZRuntime.m in Sources */ = {isa = PBXBuildFile; fileRef = 0B1D63091D26705E00E85763 /* NSObject+CZRuntime.m */; };
		0B1D63221D26705E00E85763 /* NSString+CZBase64.m in Sources */ = {isa = PBXBuildFile; fileRef = 0B1D630B1D26705E00E85763 /* NSString+CZBase64.m */; };
		0B1D63231D26705E00E85763 /* NSString+CZHash.m in Sources */ = {isa = PBXBuildFile; fileRef = 0B1D630D1D26705E00E85763 /* NSString+CZHash.m */; };
		0B1D63241D26705E00E85763 /* NSString+CZPath.m in Sources */ = {isa = PBXBuildFile; fileRef = 0B1D630F1D26705E00E85763 /* NSString+CZPath.m */; };
		0B1D63251D26705E00E85763 /* UIButton+CZAddition.m in Sources */ = {isa = PBXBuildFile; fileRef = 0B1D63111D26705E00E85763 /* UIButton+CZAddition.m */; };
		0B1D63261D26705E00E85763 /* UIColor+CZAddition.m in Sources */ = {isa = PBXBuildFile; fileRef = 0B1D63131D26705E00E85763 /* UIColor+CZAddition.m */; };
		0B1D63271D26705E00E85763 /* UILabel+CZAddition.m in Sources */ = {isa = PBXBuildFile; fileRef = 0B1D63151D26705E00E85763 /* UILabel+CZAddition.m */; };
		0B1D63281D26705E00E85763 /* UIScreen+CZAddition.m in Sources */ = {isa = PBXBuildFile; fileRef = 0B1D63171D26705E00E85763 /* UIScreen+CZAddition.m */; };
		0B1D63291D26705E00E85763 /* UIView+CZAddition.m in Sources */ = {isa = PBXBuildFile; fileRef = 0B1D63191D26705E00E85763 /* UIView+CZAddition.m */; };
		0B1D632A1D26705E00E85763 /* UIViewController+CZAddition.m in Sources */ = {isa = PBXBuildFile; fileRef = 0B1D631B1D26705E00E85763 /* UIViewController+CZAddition.m */; };
		0B1D632B1D26705E00E85763 /* Bundle+Extensions.swift in Sources */ = {isa = PBXBuildFile; fileRef = 0B1D631D1D26705E00E85763 /* Bundle+Extensions.swift */; };
		0B1D632C1D26705E00E85763 /* UIBarButtonItem+Extensions.swift in Sources */ = {isa = PBXBuildFile; fileRef = 0B1D631E1D26705E00E85763 /* UIBarButtonItem+Extensions.swift */; };
/* End PBXBuildFile section */

/* Begin PBXFileReference section */
		0B1D629E1D26653700E85763 /* myWeibo.app */ = {isa = PBXFileReference; explicitFileType = wrapper.application; includeInIndex = 0; path = myWeibo.app; sourceTree = BUILT_PRODUCTS_DIR; };
		0B1D62A11D26653700E85763 /* AppDelegate.swift */ = {isa = PBXFileReference; lastKnownFileType = sourcecode.swift; path = AppDelegate.swift; sourceTree = "<group>"; };
		0B1D62A81D26653700E85763 /* Assets.xcassets */ = {isa = PBXFileReference; lastKnownFileType = folder.assetcatalog; path = Assets.xcassets; sourceTree = "<group>"; };
		0B1D62AD1D26653700E85763 /* Info.plist */ = {isa = PBXFileReference; lastKnownFileType = text.plist.xml; path = Info.plist; sourceTree = "<group>"; };
		0B1D62ED1D26699800E85763 /* WBMainTabBarController.swift */ = {isa = PBXFileReference; fileEncoding = 4; lastKnownFileType = sourcecode.swift; name = WBMainTabBarController.swift; path = ../WBMainTabBarController.swift; sourceTree = "<group>"; };
		0B1D62EF1D2669B700E85763 /* WBMainNavViewController.swift */ = {isa = PBXFileReference; fileEncoding = 4; lastKnownFileType = sourcecode.swift; name = WBMainNavViewController.swift; path = ../../../../../WBMainNavViewController.swift; sourceTree = "<group>"; };
		0B1D62F11D266A2E00E85763 /* WBBaseViewController.swift */ = {isa = PBXFileReference; fileEncoding = 4; lastKnownFileType = sourcecode.swift; path = WBBaseViewController.swift; sourceTree = "<group>"; };
		0B1D62F31D266A4E00E85763 /* WBHomeViewController.swift */ = {isa = PBXFileReference; fileEncoding = 4; lastKnownFileType = sourcecode.swift; path = WBHomeViewController.swift; sourceTree = "<group>"; };
		0B1D62F51D266A5900E85763 /* WBMessageViewController.swift */ = {isa = PBXFileReference; fileEncoding = 4; lastKnownFileType = sourcecode.swift; path = WBMessageViewController.swift; sourceTree = "<group>"; };
		0B1D62F71D266A6200E85763 /* WBDiscoverViewController.swift */ = {isa = PBXFileReference; fileEncoding = 4; lastKnownFileType = sourcecode.swift; path = WBDiscoverViewController.swift; sourceTree = "<group>"; };
		0B1D62F91D266A7600E85763 /* WBProflieViewController.swift */ = {isa = PBXFileReference; fileEncoding = 4; lastKnownFileType = sourcecode.swift; path = WBProflieViewController.swift; sourceTree = "<group>"; };
		0B1D63031D26705E00E85763 /* CZAdditions.h */ = {isa = PBXFileReference; fileEncoding = 4; lastKnownFileType = sourcecode.c.h; path = CZAdditions.h; sourceTree = "<group>"; };
		0B1D63041D26705E00E85763 /* NSArray+Log.h */ = {isa = PBXFileReference; fileEncoding = 4; lastKnownFileType = sourcecode.c.h; path = "NSArray+Log.h"; sourceTree = "<group>"; };
		0B1D63051D26705E00E85763 /* NSArray+Log.m */ = {isa = PBXFileReference; fileEncoding = 4; lastKnownFileType = sourcecode.c.objc; path = "NSArray+Log.m"; sourceTree = "<group>"; };
		0B1D63061D26705E00E85763 /* NSAttributedString+CZAdditon.h */ = {isa = PBXFileReference; fileEncoding = 4; lastKnownFileType = sourcecode.c.h; path = "NSAttributedString+CZAdditon.h"; sourceTree = "<group>"; };
		0B1D63071D26705E00E85763 /* NSAttributedString+CZAdditon.m */ = {isa = PBXFileReference; fileEncoding = 4; lastKnownFileType = sourcecode.c.objc; path = "NSAttributedString+CZAdditon.m"; sourceTree = "<group>"; };
		0B1D63081D26705E00E85763 /* NSObject+CZRuntime.h */ = {isa = PBXFileReference; fileEncoding = 4; lastKnownFileType = sourcecode.c.h; path = "NSObject+CZRuntime.h"; sourceTree = "<group>"; };
		0B1D63091D26705E00E85763 /* NSObject+CZRuntime.m */ = {isa = PBXFileReference; fileEncoding = 4; lastKnownFileType = sourcecode.c.objc; path = "NSObject+CZRuntime.m"; sourceTree = "<group>"; };
		0B1D630A1D26705E00E85763 /* NSString+CZBase64.h */ = {isa = PBXFileReference; fileEncoding = 4; lastKnownFileType = sourcecode.c.h; path = "NSString+CZBase64.h"; sourceTree = "<group>"; };
		0B1D630B1D26705E00E85763 /* NSString+CZBase64.m */ = {isa = PBXFileReference; fileEncoding = 4; lastKnownFileType = sourcecode.c.objc; path = "NSString+CZBase64.m"; sourceTree = "<group>"; };
		0B1D630C1D26705E00E85763 /* NSString+CZHash.h */ = {isa = PBXFileReference; fileEncoding = 4; lastKnownFileType = sourcecode.c.h; path = "NSString+CZHash.h"; sourceTree = "<group>"; };
		0B1D630D1D26705E00E85763 /* NSString+CZHash.m */ = {isa = PBXFileReference; fileEncoding = 4; lastKnownFileType = sourcecode.c.objc; path = "NSString+CZHash.m"; sourceTree = "<group>"; };
		0B1D630E1D26705E00E85763 /* NSString+CZPath.h */ = {isa = PBXFileReference; fileEncoding = 4; lastKnownFileType = sourcecode.c.h; path = "NSString+CZPath.h"; sourceTree = "<group>"; };
		0B1D630F1D26705E00E85763 /* NSString+CZPath.m */ = {isa = PBXFileReference; fileEncoding = 4; lastKnownFileType = sourcecode.c.objc; path = "NSString+CZPath.m"; sourceTree = "<group>"; };
		0B1D63101D26705E00E85763 /* UIButton+CZAddition.h */ = {isa = PBXFileReference; fileEncoding = 4; lastKnownFileType = sourcecode.c.h; path = "UIButton+CZAddition.h"; sourceTree = "<group>"; };
		0B1D63111D26705E00E85763 /* UIButton+CZAddition.m */ = {isa = PBXFileReference; fileEncoding = 4; lastKnownFileType = sourcecode.c.objc; path = "UIButton+CZAddition.m"; sourceTree = "<group>"; };
		0B1D63121D26705E00E85763 /* UIColor+CZAddition.h */ = {isa = PBXFileReference; fileEncoding = 4; lastKnownFileType = sourcecode.c.h; path = "UIColor+CZAddition.h"; sourceTree = "<group>"; };
		0B1D63131D26705E00E85763 /* UIColor+CZAddition.m */ = {isa = PBXFileReference; fileEncoding = 4; lastKnownFileType = sourcecode.c.objc; path = "UIColor+CZAddition.m"; sourceTree = "<group>"; };
		0B1D63141D26705E00E85763 /* UILabel+CZAddition.h */ = {isa = PBXFileReference; fileEncoding = 4; lastKnownFileType = sourcecode.c.h; path = "UILabel+CZAddition.h"; sourceTree = "<group>"; };
		0B1D63151D26705E00E85763 /* UILabel+CZAddition.m */ = {isa = PBXFileReference; fileEncoding = 4; lastKnownFileType = sourcecode.c.objc; path = "UILabel+CZAddition.m"; sourceTree = "<group>"; };
		0B1D63161D26705E00E85763 /* UIScreen+CZAddition.h */ = {isa = PBXFileReference; fileEncoding = 4; lastKnownFileType = sourcecode.c.h; path = "UIScreen+CZAddition.h"; sourceTree = "<group>"; };
		0B1D63171D26705E00E85763 /* UIScreen+CZAddition.m */ = {isa = PBXFileReference; fileEncoding = 4; lastKnownFileType = sourcecode.c.objc; path = "UIScreen+CZAddition.m"; sourceTree = "<group>"; };
		0B1D63181D26705E00E85763 /* UIView+CZAddition.h */ = {isa = PBXFileReference; fileEncoding = 4; lastKnownFileType = sourcecode.c.h; path = "UIView+CZAddition.h"; sourceTree = "<group>"; };
		0B1D63191D26705E00E85763 /* UIView+CZAddition.m */ = {isa = PBXFileReference; fileEncoding = 4; lastKnownFileType = sourcecode.c.objc; path = "UIView+CZAddition.m"; sourceTree = "<group>"; };
		0B1D631A1D26705E00E85763 /* UIViewController+CZAddition.h */ = {isa = PBXFileReference; fileEncoding = 4; lastKnownFileType = sourcecode.c.h; path = "UIViewController+CZAddition.h"; sourceTree = "<group>"; };
		0B1D631B1D26705E00E85763 /* UIViewController+CZAddition.m */ = {isa = PBXFileReference; fileEncoding = 4; lastKnownFileType = sourcecode.c.objc; path = "UIViewController+CZAddition.m"; sourceTree = "<group>"; };
		0B1D631D1D26705E00E85763 /* Bundle+Extensions.swift */ = {isa = PBXFileReference; fileEncoding = 4; lastKnownFileType = sourcecode.swift; path = "Bundle+Extensions.swift"; sourceTree = "<group>"; };
		0B1D631E1D26705E00E85763 /* UIBarButtonItem+Extensions.swift */ = {isa = PBXFileReference; fileEncoding = 4; lastKnownFileType = sourcecode.swift; path = "UIBarButtonItem+Extensions.swift"; sourceTree = "<group>"; };
		0B1D632F1D2673D400E85763 /* mySwift-bridge.h */ = {isa = PBXFileReference; lastKnownFileType = sourcecode.c.h; path = "mySwift-bridge.h"; sourceTree = "<group>"; };
/* End PBXFileReference section */

/* Begin PBXFrameworksBuildPhase section */
		0B1D629B1D26653700E85763 /* Frameworks */ = {
			isa = PBXFrameworksBuildPhase;
			buildActionMask = 2147483647;
			files = (
			);
			runOnlyForDeploymentPostprocessing = 0;
		};
/* End PBXFrameworksBuildPhase section */

/* Begin PBXGroup section */
		0B1D62951D26653700E85763 = {
			isa = PBXGroup;
			children = (
				0B1D62A01D26653700E85763 /* myWeibo */,
				0B1D629F1D26653700E85763 /* Products */,
			);
			sourceTree = "<group>";
		};
		0B1D629F1D26653700E85763 /* Products */ = {
			isa = PBXGroup;
			children = (
				0B1D629E1D26653700E85763 /* myWeibo.app */,
			);
			name = Products;
			sourceTree = "<group>";
		};
		0B1D62A01D26653700E85763 /* myWeibo */ = {
			isa = PBXGroup;
			children = (
				0B1D62B31D26657800E85763 /* Classes */,
				0B1D62A11D26653700E85763 /* AppDelegate.swift */,
				0B1D632F1D2673D400E85763 /* mySwift-bridge.h */,
				0B1D62A81D26653700E85763 /* Assets.xcassets */,
				0B1D62AD1D26653700E85763 /* Info.plist */,
			);
			path = myWeibo;
			sourceTree = "<group>";
		};
		0B1D62B31D26657800E85763 /* Classes */ = {
			isa = PBXGroup;
			children = (
				0B1D62B61D26657800E85763 /* View */,
				0B1D62BF1D26657800E85763 /* ViewModel */,
				0B1D62B41D26657800E85763 /* Model */,
				0B1D63011D26705E00E85763 /* Tools */,
			);
			path = Classes;
			sourceTree = "<group>";
		};
		0B1D62B41D26657800E85763 /* Model */ = {
			isa = PBXGroup;
			children = (
			);
			path = Model;
			sourceTree = "<group>";
		};
		0B1D62B61D26657800E85763 /* View */ = {
			isa = PBXGroup;
			children = (
				0B1D62B91D26657800E85763 /* Main */,
				0B1D62B81D26657800E85763 /* Home */,
				0B1D62BD1D26657800E85763 /* Message */,
				0B1D62B71D26657800E85763 /* Discover */,
				0B1D62BE1D26657800E85763 /* Proflie */,
			);
			path = View;
			sourceTree = "<group>";
		};
		0B1D62B71D26657800E85763 /* Discover */ = {
			isa = PBXGroup;
			children = (
				0B1D62F71D266A6200E85763 /* WBDiscoverViewController.swift */,
			);
			path = Discover;
			sourceTree = "<group>";
		};
		0B1D62B81D26657800E85763 /* Home */ = {
			isa = PBXGroup;
			children = (
				0B1D62F31D266A4E00E85763 /* WBHomeViewController.swift */,
			);
			path = Home;
			sourceTree = "<group>";
		};
		0B1D62B91D26657800E85763 /* Main */ = {
			isa = PBXGroup;
			children = (
				0B1D62BA1D26657800E85763 /* Main控制器 */,
				0B1D62BB1D26657800E85763 /* VisitorView */,
				0B1D62BC1D26657800E85763 /* 测试控制器 */,
				0B1D62F11D266A2E00E85763 /* WBBaseViewController.swift */,
			);
			path = Main;
			sourceTree = "<group>";
		};
		0B1D62BA1D26657800E85763 /* Main控制器 */ = {
			isa = PBXGroup;
			children = (
				0B1D62ED1D26699800E85763 /* WBMainTabBarController.swift */,
				0B1D62EF1D2669B700E85763 /* WBMainNavViewController.swift */,
			);
			path = "Main控制器";
			sourceTree = "<group>";
		};
		0B1D62BB1D26657800E85763 /* VisitorView */ = {
			isa = PBXGroup;
			children = (
			);
			path = VisitorView;
			sourceTree = "<group>";
		};
		0B1D62BC1D26657800E85763 /* 测试控制器 */ = {
			isa = PBXGroup;
			children = (
			);
			path = "测试控制器";
			sourceTree = "<group>";
		};
		0B1D62BD1D26657800E85763 /* Message */ = {
			isa = PBXGroup;
			children = (
				0B1D62F51D266A5900E85763 /* WBMessageViewController.swift */,
			);
			path = Message;
			sourceTree = "<group>";
		};
		0B1D62BE1D26657800E85763 /* Proflie */ = {
			isa = PBXGroup;
			children = (
				0B1D62F91D266A7600E85763 /* WBProflieViewController.swift */,
			);
			path = Proflie;
			sourceTree = "<group>";
		};
		0B1D62BF1D26657800E85763 /* ViewModel */ = {
			isa = PBXGroup;
			children = (
			);
			path = ViewModel;
			sourceTree = "<group>";
		};
		0B1D63011D26705E00E85763 /* Tools */ = {
			isa = PBXGroup;
			children = (
				0B1D63021D26705E00E85763 /* Additions */,
				0B1D631C1D26705E00E85763 /* extensions */,
			);
			name = Tools;
			path = Model/Tools;
			sourceTree = "<group>";
		};
		0B1D63021D26705E00E85763 /* Additions */ = {
			isa = PBXGroup;
			children = (
				0B1D63031D26705E00E85763 /* CZAdditions.h */,
				0B1D63041D26705E00E85763 /* NSArray+Log.h */,
				0B1D63051D26705E00E85763 /* NSArray+Log.m */,
				0B1D63061D26705E00E85763 /* NSAttributedString+CZAdditon.h */,
				0B1D63071D26705E00E85763 /* NSAttributedString+CZAdditon.m */,
				0B1D63081D26705E00E85763 /* NSObject+CZRuntime.h */,
				0B1D63091D26705E00E85763 /* NSObject+CZRuntime.m */,
				0B1D630A1D26705E00E85763 /* NSString+CZBase64.h */,
				0B1D630B1D26705E00E85763 /* NSString+CZBase64.m */,
				0B1D630C1D26705E00E85763 /* NSString+CZHash.h */,
				0B1D630D1D26705E00E85763 /* NSString+CZHash.m */,
				0B1D630E1D26705E00E85763 /* NSString+CZPath.h */,
				0B1D630F1D26705E00E85763 /* NSString+CZPath.m */,
				0B1D63101D26705E00E85763 /* UIButton+CZAddition.h */,
				0B1D63111D26705E00E85763 /* UIButton+CZAddition.m */,
				0B1D63121D26705E00E85763 /* UIColor+CZAddition.h */,
				0B1D63131D26705E00E85763 /* UIColor+CZAddition.m */,
				0B1D63141D26705E00E85763 /* UILabel+CZAddition.h */,
				0B1D63151D26705E00E85763 /* UILabel+CZAddition.m */,
				0B1D63161D26705E00E85763 /* UIScreen+CZAddition.h */,
				0B1D63171D26705E00E85763 /* UIScreen+CZAddition.m */,
				0B1D63181D26705E00E85763 /* UIView+CZAddition.h */,
				0B1D63191D26705E00E85763 /* UIView+CZAddition.m */,
				0B1D631A1D26705E00E85763 /* UIViewController+CZAddition.h */,
				0B1D631B1D26705E00E85763 /* UIViewController+CZAddition.m */,
			);
			path = Additions;
			sourceTree = "<group>";
		};
		0B1D631C1D26705E00E85763 /* extensions */ = {
			isa = PBXGroup;
			children = (
				0B1D631D1D26705E00E85763 /* Bundle+Extensions.swift */,
				0B1D631E1D26705E00E85763 /* UIBarButtonItem+Extensions.swift */,
			);
			path = extensions;
			sourceTree = "<group>";
		};
/* End PBXGroup section */

/* Begin PBXNativeTarget section */
		0B1D629D1D26653700E85763 /* myWeibo */ = {
			isa = PBXNativeTarget;
			buildConfigurationList = 0B1D62B01D26653700E85763 /* Build configuration list for PBXNativeTarget "myWeibo" */;
			buildPhases = (
				0B1D629A1D26653700E85763 /* Sources */,
				0B1D629B1D26653700E85763 /* Frameworks */,
				0B1D629C1D26653700E85763 /* Resources */,
			);
			buildRules = (
			);
			dependencies = (
			);
			name = myWeibo;
			productName = myWeibo;
			productReference = 0B1D629E1D26653700E85763 /* myWeibo.app */;
			productType = "com.apple.product-type.application";
		};
/* End PBXNativeTarget section */

/* Begin PBXProject section */
		0B1D62961D26653700E85763 /* Project object */ = {
			isa = PBXProject;
			attributes = {
				CLASSPREFIX = WB;
				LastSwiftUpdateCheck = 0800;
				LastUpgradeCheck = 0800;
				ORGANIZATIONNAME = "小贝";
				TargetAttributes = {
					0B1D629D1D26653700E85763 = {
						CreatedOnToolsVersion = 8.0;
						ProvisioningStyle = Automatic;
					};
				};
			};
			buildConfigurationList = 0B1D62991D26653700E85763 /* Build configuration list for PBXProject "myWeibo" */;
			compatibilityVersion = "Xcode 3.2";
			developmentRegion = English;
			hasScannedForEncodings = 0;
			knownRegions = (
				en,
				Base,
			);
			mainGroup = 0B1D62951D26653700E85763;
			productRefGroup = 0B1D629F1D26653700E85763 /* Products */;
			projectDirPath = "";
			projectRoot = "";
			targets = (
				0B1D629D1D26653700E85763 /* myWeibo */,
			);
		};
/* End PBXProject section */

/* Begin PBXResourcesBuildPhase section */
		0B1D629C1D26653700E85763 /* Resources */ = {
			isa = PBXResourcesBuildPhase;
			buildActionMask = 2147483647;
			files = (
				0B1D62A91D26653700E85763 /* Assets.xcassets in Resources */,
			);
			runOnlyForDeploymentPostprocessing = 0;
		};
/* End PBXResourcesBuildPhase section */

/* Begin PBXSourcesBuildPhase section */
		0B1D629A1D26653700E85763 /* Sources */ = {
			isa = PBXSourcesBuildPhase;
			buildActionMask = 2147483647;
			files = (
				0B1D63261D26705E00E85763 /* UIColor+CZAddition.m in Sources */,
				0B1D631F1D26705E00E85763 /* NSArray+Log.m in Sources */,
				0B1D62A21D26653700E85763 /* AppDelegate.swift in Sources */,
				0B1D63271D26705E00E85763 /* UILabel+CZAddition.m in Sources */,
				0B1D63201D26705E00E85763 /* NSAttributedString+CZAdditon.m in Sources */,
				0B1D632A1D26705E00E85763 /* UIViewController+CZAddition.m in Sources */,
				0B1D632B1D26705E00E85763 /* Bundle+Extensions.swift in Sources */,
				0B1D63221D26705E00E85763 /* NSString+CZBase64.m in Sources */,
				0B1D62F81D266A6200E85763 /* WBDiscoverViewController.swift in Sources */,
				0B1D62F41D266A4E00E85763 /* WBHomeViewController.swift in Sources */,
				0B1D62F01D2669B700E85763 /* WBMainNavViewController.swift in Sources */,
				0B1D63251D26705E00E85763 /* UIButton+CZAddition.m in Sources */,
				0B1D63281D26705E00E85763 /* UIScreen+CZAddition.m in Sources */,
				0B1D62FA1D266A7600E85763 /* WBProflieViewController.swift in Sources */,
				0B1D632C1D26705E00E85763 /* UIBarButtonItem+Extensions.swift in Sources */,
				0B1D63211D26705E00E85763 /* NSObject+CZRuntime.m in Sources */,
				0B1D62F21D266A2E00E85763 /* WBBaseViewController.swift in Sources */,
				0B1D62EE1D26699800E85763 /* WBMainTabBarController.swift in Sources */,
				0B1D63241D26705E00E85763 /* NSString+CZPath.m in Sources */,
				0B1D63291D26705E00E85763 /* UIView+CZAddition.m in Sources */,
				0B1D63231D26705E00E85763 /* NSString+CZHash.m in Sources */,
				0B1D62F61D266A5900E85763 /* WBMessageViewController.swift in Sources */,
			);
			runOnlyForDeploymentPostprocessing = 0;
		};
/* End PBXSourcesBuildPhase section */

/* Begin XCBuildConfiguration section */
		0B1D62AE1D26653700E85763 /* Debug */ = {
			isa = XCBuildConfiguration;
			buildSettings = {
				ALWAYS_SEARCH_USER_PATHS = NO;
				CLANG_ANALYZER_NONNULL = YES;
				CLANG_CXX_LANGUAGE_STANDARD = "gnu++0x";
				CLANG_CXX_LIBRARY = "libc++";
				CLANG_ENABLE_MODULES = YES;
				CLANG_ENABLE_OBJC_ARC = YES;
				CLANG_WARN_BOOL_CONVERSION = YES;
				CLANG_WARN_CONSTANT_CONVERSION = YES;
				CLANG_WARN_DIRECT_OBJC_ISA_USAGE = YES_ERROR;
				CLANG_WARN_DOCUMENTATION_COMMENTS = YES;
				CLANG_WARN_EMPTY_BODY = YES;
				CLANG_WARN_ENUM_CONVERSION = YES;
				CLANG_WARN_INT_CONVERSION = YES;
				CLANG_WARN_OBJC_ROOT_CLASS = YES_ERROR;
				CLANG_WARN_UNREACHABLE_CODE = YES;
				CLANG_WARN__DUPLICATE_METHOD_MATCH = YES;
				"CODE_SIGN_IDENTITY[sdk=iphoneos*]" = "iPhone Developer";
				COPY_PHASE_STRIP = NO;
				DEBUG_INFORMATION_FORMAT = dwarf;
				ENABLE_STRICT_OBJC_MSGSEND = YES;
				ENABLE_TESTABILITY = YES;
				GCC_C_LANGUAGE_STANDARD = gnu99;
				GCC_DYNAMIC_NO_PIC = NO;
				GCC_NO_COMMON_BLOCKS = YES;
				GCC_OPTIMIZATION_LEVEL = 0;
				GCC_PREPROCESSOR_DEFINITIONS = (
					"DEBUG=1",
					"$(inherited)",
				);
				GCC_WARN_64_TO_32_BIT_CONVERSION = YES;
				GCC_WARN_ABOUT_RETURN_TYPE = YES_ERROR;
				GCC_WARN_UNDECLARED_SELECTOR = YES;
				GCC_WARN_UNINITIALIZED_AUTOS = YES_AGGRESSIVE;
				GCC_WARN_UNUSED_FUNCTION = YES;
				GCC_WARN_UNUSED_VARIABLE = YES;
				IPHONEOS_DEPLOYMENT_TARGET = 10.0;
				MTL_ENABLE_DEBUG_INFO = YES;
				ONLY_ACTIVE_ARCH = YES;
				SDKROOT = iphoneos;
				SWIFT_ACTIVE_COMPILATION_CONDITIONS = DEBUG;
				SWIFT_OPTIMIZATION_LEVEL = "-Onone";
			};
			name = Debug;
		};
		0B1D62AF1D26653700E85763 /* Release */ = {
			isa = XCBuildConfiguration;
			buildSettings = {
				ALWAYS_SEARCH_USER_PATHS = NO;
				CLANG_ANALYZER_NONNULL = YES;
				CLANG_CXX_LANGUAGE_STANDARD = "gnu++0x";
				CLANG_CXX_LIBRARY = "libc++";
				CLANG_ENABLE_MODULES = YES;
				CLANG_ENABLE_OBJC_ARC = YES;
				CLANG_WARN_BOOL_CONVERSION = YES;
				CLANG_WARN_CONSTANT_CONVERSION = YES;
				CLANG_WARN_DIRECT_OBJC_ISA_USAGE = YES_ERROR;
				CLANG_WARN_DOCUMENTATION_COMMENTS = YES;
				CLANG_WARN_EMPTY_BODY = YES;
				CLANG_WARN_ENUM_CONVERSION = YES;
				CLANG_WARN_INT_CONVERSION = YES;
				CLANG_WARN_OBJC_ROOT_CLASS = YES_ERROR;
				CLANG_WARN_UNREACHABLE_CODE = YES;
				CLANG_WARN__DUPLICATE_METHOD_MATCH = YES;
				"CODE_SIGN_IDENTITY[sdk=iphoneos*]" = "iPhone Developer";
				COPY_PHASE_STRIP = NO;
				DEBUG_INFORMATION_FORMAT = "dwarf-with-dsym";
				ENABLE_NS_ASSERTIONS = NO;
				ENABLE_STRICT_OBJC_MSGSEND = YES;
				GCC_C_LANGUAGE_STANDARD = gnu99;
				GCC_NO_COMMON_BLOCKS = YES;
				GCC_WARN_64_TO_32_BIT_CONVERSION = YES;
				GCC_WARN_ABOUT_RETURN_TYPE = YES_ERROR;
				GCC_WARN_UNDECLARED_SELECTOR = YES;
				GCC_WARN_UNINITIALIZED_AUTOS = YES_AGGRESSIVE;
				GCC_WARN_UNUSED_FUNCTION = YES;
				GCC_WARN_UNUSED_VARIABLE = YES;
				IPHONEOS_DEPLOYMENT_TARGET = 10.0;
				MTL_ENABLE_DEBUG_INFO = NO;
				SDKROOT = iphoneos;
				SWIFT_OPTIMIZATION_LEVEL = "-Owholemodule";
				VALIDATE_PRODUCT = YES;
			};
			name = Release;
		};
		0B1D62B11D26653700E85763 /* Debug */ = {
			isa = XCBuildConfiguration;
			buildSettings = {
				ASSETCATALOG_COMPILER_APPICON_NAME = AppIcon;
				ASSETCATALOG_COMPILER_LAUNCHIMAGE_NAME = LaunchImage;
				INFOPLIST_FILE = myWeibo/Info.plist;
				IPHONEOS_DEPLOYMENT_TARGET = 8.0;
				LD_RUNPATH_SEARCH_PATHS = "$(inherited) @executable_path/Frameworks";
				PRODUCT_BUNDLE_IDENTIFIER = cn.wmz.myWeibo;
				PRODUCT_NAME = "$(TARGET_NAME)";
				SWIFT_OBJC_BRIDGING_HEADER = "myWeibo/mySwift-bridge.h";
				SWIFT_VERSION = 3.0;
			};
			name = Debug;
		};
		0B1D62B21D26653700E85763 /* Release */ = {
			isa = XCBuildConfiguration;
			buildSettings = {
				ASSETCATALOG_COMPILER_APPICON_NAME = AppIcon;
				ASSETCATALOG_COMPILER_LAUNCHIMAGE_NAME = LaunchImage;
				INFOPLIST_FILE = myWeibo/Info.plist;
				IPHONEOS_DEPLOYMENT_TARGET = 8.0;
				LD_RUNPATH_SEARCH_PATHS = "$(inherited) @executable_path/Frameworks";
				PRODUCT_BUNDLE_IDENTIFIER = cn.wmz.myWeibo;
				PRODUCT_NAME = "$(TARGET_NAME)";
				SWIFT_OBJC_BRIDGING_HEADER = "myWeibo/mySwift-bridge.h";
				SWIFT_VERSION = 3.0;
			};
			name = Release;
		};
/* End XCBuildConfiguration section */

/* Begin XCConfigurationList section */
		0B1D62991D26653700E85763 /* Build configuration list for PBXProject "myWeibo" */ = {
			isa = XCConfigurationList;
			buildConfigurations = (
				0B1D62AE1D26653700E85763 /* Debug */,
				0B1D62AF1D26653700E85763 /* Release */,
			);
			defaultConfigurationIsVisible = 0;
			defaultConfigurationName = Release;
		};
		0B1D62B01D26653700E85763 /* Build configuration list for PBXNativeTarget "myWeibo" */ = {
			isa = XCConfigurationList;
			buildConfigurations = (
				0B1D62B11D26653700E85763 /* Debug */,
				0B1D62B21D26653700E85763 /* Release */,
			);
			defaultConfigurationIsVisible = 0;
			defaultConfigurationName = Release;
		};
/* End XCConfigurationList section */
	};
	rootObject = 0B1D62961D26653700E85763 /* Project object */;
}
